
Microsoft Visual Studio Solution File, Format Version 12.00
# Visual Studio 2012
Project("{FAE04EC0-301F-11D3-BF4B-00C04F79EFBC}") = "TutorP", "TutorP\TutorP.csproj", "{A7359CC2-F61C-4858-8789-7210D35EA3CC}"
EndProject
Project("{FAE04EC0-301F-11D3-BF4B-00C04F79EFBC}") = "TutorP.Tests", "TutorP.Tests\TutorP.Tests.csproj", "{42DAA944-5683-4960-824D-ACD51CAF0C87}"
EndProject
Global
	GlobalSection(SolutionConfigurationPlatforms) = preSolution
		Debug|Any CPU = Debug|Any CPU
		Release|Any CPU = Release|Any CPU
	EndGlobalSection
	GlobalSection(ProjectConfigurationPlatforms) = postSolution
		{A7359CC2-F61C-4858-8789-7210D35EA3CC}.Debug|Any CPU.ActiveCfg = Debug|Any CPU
		{A7359CC2-F61C-4858-8789-7210D35EA3CC}.Debug|Any CPU.Build.0 = Debug|Any CPU
		{A7359CC2-F61C-4858-8789-7210D35EA3CC}.Release|Any CPU.ActiveCfg = Release|Any CPU
		{A7359CC2-F61C-4858-8789-7210D35EA3CC}.Release|Any CPU.Build.0 = Release|Any CPU
		{42DAA944-5683-4960-824D-ACD51CAF0C87}.Debug|Any CPU.ActiveCfg = Debug|Any CPU
		{42DAA944-5683-4960-824D-ACD51CAF0C87}.Debug|Any CPU.Build.0 = Debug|Any CPU
		{42DAA944-5683-4960-824D-ACD51CAF0C87}.Release|Any CPU.ActiveCfg = Release|Any CPU
		{42DAA944-5683-4960-824D-ACD51CAF0C87}.Release|Any CPU.Build.0 = Release|Any CPU
	EndGlobalSection
	GlobalSection(SolutionProperties) = preSolution
		HideSolutionNode = FALSE
	EndGlobalSection
EndGlobal
